
Microsoft Visual Studio Solution File, Format Version 12.00
# Visual Studio Version 16
VisualStudioVersion = 16.0.31424.327
MinimumVisualStudioVersion = 10.0.40219.1
Project("{FAE04EC0-301F-11D3-BF4B-00C04F79EFBC}") = "rmd_capture", "cac_status_checker\rmd_capture.csproj", "{64BD155D-5F9A-44A4-AEF9-025CBD7DB537}"
EndProject
Global
	GlobalSection(SolutionConfigurationPlatforms) = preSolution
		Debug|Any CPU = Debug|Any CPU
		Release|Any CPU = Release|Any CPU
	EndGlobalSection
	GlobalSection(ProjectConfigurationPlatforms) = postSolution
		{64BD155D-5F9A-44A4-AEF9-025CBD7DB537}.Debug|Any CPU.ActiveCfg = Debug|Any CPU
		{64BD155D-5F9A-44A4-AEF9-025CBD7DB537}.Debug|Any CPU.Build.0 = Debug|Any CPU
		{64BD155D-5F9A-44A4-AEF9-025CBD7DB537}.Release|Any CPU.ActiveCfg = Release|Any CPU
		{64BD155D-5F9A-44A4-AEF9-025CBD7DB537}.Release|Any CPU.Build.0 = Release|Any CPU
	EndGlobalSection
	GlobalSection(SolutionProperties) = preSolution
		HideSolutionNode = FALSE
	EndGlobalSection
	GlobalSection(ExtensibilityGlobals) = postSolution
		SolutionGuid = {02D94BAE-C389-4858-ADDA-2EDAB0BE975F}
	EndGlobalSection
EndGlobal
